
Microsoft Visual Studio Solution File, Format Version 12.00
# Visual Studio Version 16
VisualStudioVersion = 16.0.810.19
MinimumVisualStudioVersion = 10.0.40219.1
Project("{FAE04EC0-301F-11D3-BF4B-00C04F79EFBC}") = "WebApi", "WebApi\WebApi.csproj", "{F44C1F53-C0CA-4FBF-9111-5C2EF94708F0}"
EndProject
Project("{FAE04EC0-301F-11D3-BF4B-00C04F79EFBC}") = "Data", "Data\Data.csproj", "{0EB7ECC6-2042-4493-A92A-1C130CA6C5BD}"
EndProject
Project("{FAE04EC0-301F-11D3-BF4B-00C04F79EFBC}") = "Entity", "Entity\Entity.csproj", "{D384C107-73C1-4856-8819-38D306CAD383}"
EndProject
Project("{FAE04EC0-301F-11D3-BF4B-00C04F79EFBC}") = "Business", "Business\Business.csproj", "{31D2503F-7D11-471A-B78B-AEB80C759246}"
EndProject
Project("{FAE04EC0-301F-11D3-BF4B-00C04F79EFBC}") = "WebUI", "WebUI\WebUI.csproj", "{93C7C3B1-20BC-4DCE-9FAA-E30CAA9A1D65}"
EndProject
Global
	GlobalSection(SolutionConfigurationPlatforms) = preSolution
		Debug|Any CPU = Debug|Any CPU
		Release|Any CPU = Release|Any CPU
	EndGlobalSection
	GlobalSection(ProjectConfigurationPlatforms) = postSolution
		{F44C1F53-C0CA-4FBF-9111-5C2EF94708F0}.Debug|Any CPU.ActiveCfg = Debug|Any CPU
		{F44C1F53-C0CA-4FBF-9111-5C2EF94708F0}.Debug|Any CPU.Build.0 = Debug|Any CPU
		{F44C1F53-C0CA-4FBF-9111-5C2EF94708F0}.Release|Any CPU.ActiveCfg = Release|Any CPU
		{F44C1F53-C0CA-4FBF-9111-5C2EF94708F0}.Release|Any CPU.Build.0 = Release|Any CPU
		{0EB7ECC6-2042-4493-A92A-1C130CA6C5BD}.Debug|Any CPU.ActiveCfg = Debug|Any CPU
		{0EB7ECC6-2042-4493-A92A-1C130CA6C5BD}.Debug|Any CPU.Build.0 = Debug|Any CPU
		{0EB7ECC6-2042-4493-A92A-1C130CA6C5BD}.Release|Any CPU.ActiveCfg = Release|Any CPU
		{0EB7ECC6-2042-4493-A92A-1C130CA6C5BD}.Release|Any CPU.Build.0 = Release|Any CPU
		{D384C107-73C1-4856-8819-38D306CAD383}.Debug|Any CPU.ActiveCfg = Debug|Any CPU
		{D384C107-73C1-4856-8819-38D306CAD383}.Debug|Any CPU.Build.0 = Debug|Any CPU
		{D384C107-73C1-4856-8819-38D306CAD383}.Release|Any CPU.ActiveCfg = Release|Any CPU
		{D384C107-73C1-4856-8819-38D306CAD383}.Release|Any CPU.Build.0 = Release|Any CPU
		{31D2503F-7D11-471A-B78B-AEB80C759246}.Debug|Any CPU.ActiveCfg = Debug|Any CPU
		{31D2503F-7D11-471A-B78B-AEB80C759246}.Debug|Any CPU.Build.0 = Debug|Any CPU
		{31D2503F-7D11-471A-B78B-AEB80C759246}.Release|Any CPU.ActiveCfg = Release|Any CPU
		{31D2503F-7D11-471A-B78B-AEB80C759246}.Release|Any CPU.Build.0 = Release|Any CPU
		{93C7C3B1-20BC-4DCE-9FAA-E30CAA9A1D65}.Debug|Any CPU.ActiveCfg = Debug|Any CPU
		{93C7C3B1-20BC-4DCE-9FAA-E30CAA9A1D65}.Debug|Any CPU.Build.0 = Debug|Any CPU
		{93C7C3B1-20BC-4DCE-9FAA-E30CAA9A1D65}.Release|Any CPU.ActiveCfg = Release|Any CPU
		{93C7C3B1-20BC-4DCE-9FAA-E30CAA9A1D65}.Release|Any CPU.Build.0 = Release|Any CPU
	EndGlobalSection
	GlobalSection(SolutionProperties) = preSolution
		HideSolutionNode = FALSE
	EndGlobalSection
	GlobalSection(ExtensibilityGlobals) = postSolution
		SolutionGuid = {FF164587-C070-4D82-8968-87489F8B06B2}
	EndGlobalSection
EndGlobal
